# This file is generated by running "yarn install" inside your project.
# Manual changes might be lost - proceed with caution!

__metadata:
  version: 8
  cacheKey: 10c0

"@biomejs/biome@npm:1.5.3":
  version: 1.5.3
  resolution: "@biomejs/biome@npm:1.5.3"
  dependencies:
    "@biomejs/cli-darwin-arm64": "npm:1.5.3"
    "@biomejs/cli-darwin-x64": "npm:1.5.3"
    "@biomejs/cli-linux-arm64": "npm:1.5.3"
    "@biomejs/cli-linux-arm64-musl": "npm:1.5.3"
    "@biomejs/cli-linux-x64": "npm:1.5.3"
    "@biomejs/cli-linux-x64-musl": "npm:1.5.3"
    "@biomejs/cli-win32-arm64": "npm:1.5.3"
    "@biomejs/cli-win32-x64": "npm:1.5.3"
  dependenciesMeta:
    "@biomejs/cli-darwin-arm64":
      optional: true
    "@biomejs/cli-darwin-x64":
      optional: true
    "@biomejs/cli-linux-arm64":
      optional: true
    "@biomejs/cli-linux-arm64-musl":
      optional: true
    "@biomejs/cli-linux-x64":
      optional: true
    "@biomejs/cli-linux-x64-musl":
      optional: true
    "@biomejs/cli-win32-arm64":
      optional: true
    "@biomejs/cli-win32-x64":
      optional: true
  bin:
    biome: bin/biome
  checksum: 10c0/470d0707fda5f029380648049e9eafdec4579d96b199a6f92401f67524b6739c136f139898db77f3fc2633ba5f56bdfb1d5193dacde31aff9811924d0ac32ddc
  languageName: node
  linkType: hard

"@biomejs/cli-darwin-arm64@npm:1.5.3":
  version: 1.5.3
  resolution: "@biomejs/cli-darwin-arm64@npm:1.5.3"
  conditions: os=darwin & cpu=arm64
  languageName: node
  linkType: hard

"@biomejs/cli-darwin-x64@npm:1.5.3":
  version: 1.5.3
  resolution: "@biomejs/cli-darwin-x64@npm:1.5.3"
  conditions: os=darwin & cpu=x64
  languageName: node
  linkType: hard

"@biomejs/cli-linux-arm64-musl@npm:1.5.3":
  version: 1.5.3
  resolution: "@biomejs/cli-linux-arm64-musl@npm:1.5.3"
  conditions: os=linux & cpu=arm64 & libc=musl
  languageName: node
  linkType: hard

"@biomejs/cli-linux-arm64@npm:1.5.3":
  version: 1.5.3
  resolution: "@biomejs/cli-linux-arm64@npm:1.5.3"
  conditions: os=linux & cpu=arm64 & libc=glibc
  languageName: node
  linkType: hard

"@biomejs/cli-linux-x64-musl@npm:1.5.3":
  version: 1.5.3
  resolution: "@biomejs/cli-linux-x64-musl@npm:1.5.3"
  conditions: os=linux & cpu=x64 & libc=musl
  languageName: node
  linkType: hard

"@biomejs/cli-linux-x64@npm:1.5.3":
  version: 1.5.3
  resolution: "@biomejs/cli-linux-x64@npm:1.5.3"
  conditions: os=linux & cpu=x64 & libc=glibc
  languageName: node
  linkType: hard

"@biomejs/cli-win32-arm64@npm:1.5.3":
  version: 1.5.3
  resolution: "@biomejs/cli-win32-arm64@npm:1.5.3"
  conditions: os=win32 & cpu=arm64
  languageName: node
  linkType: hard

"@biomejs/cli-win32-x64@npm:1.5.3":
  version: 1.5.3
  resolution: "@biomejs/cli-win32-x64@npm:1.5.3"
  conditions: os=win32 & cpu=x64
  languageName: node
  linkType: hard

"app1@workspace:packages/app1":
  version: 0.0.0-use.local
  resolution: "app1@workspace:packages/app1"
  languageName: unknown
  linkType: soft

"app2@workspace:packages/app2":
  version: 0.0.0-use.local
  resolution: "app2@workspace:packages/app2"
  languageName: unknown
  linkType: soft

"common@workspace:packages/common":
  version: 0.0.0-use.local
  resolution: "common@workspace:packages/common"
  languageName: unknown
  linkType: soft

"typescript@npm:^5.3.3":
  version: 5.3.3
  resolution: "typescript@npm:5.3.3"
  bin:
    tsc: bin/tsc
    tsserver: bin/tsserver
  checksum: 10c0/e33cef99d82573624fc0f854a2980322714986bc35b9cb4d1ce736ed182aeab78e2cb32b385efa493b2a976ef52c53e20d6c6918312353a91850e2b76f1ea44f
  languageName: node
  linkType: hard

"typescript@patch:typescript@npm%3A^5.3.3#optional!builtin<compat/typescript>":
  version: 5.3.3
  resolution: "typescript@patch:typescript@npm%3A5.3.3#optional!builtin<compat/typescript>::version=5.3.3&hash=e012d7"
  bin:
    tsc: bin/tsc
    tsserver: bin/tsserver
  checksum: 10c0/1d0a5f4ce496c42caa9a30e659c467c5686eae15d54b027ee7866744952547f1be1262f2d40de911618c242b510029d51d43ff605dba8fb740ec85ca2d3f9500
  languageName: node
  linkType: hard

"yarn-workspace-test@workspace:.":
  version: 0.0.0-use.local
  resolution: "yarn-workspace-test@workspace:."
  dependencies:
    "@biomejs/biome": "npm:1.5.3"
    typescript: "npm:^5.3.3"
  languageName: unknown
  linkType: soft
